
Microsoft Visual Studio Solution File, Format Version 12.00
# Visual Studio 15
VisualStudioVersion = 15.0.28307.757
MinimumVisualStudioVersion = 10.0.40219.1
Project("{FAE04EC0-301F-11D3-BF4B-00C04F79EFBC}") = "WCF_Final_01", "WCF_Final_01\WCF_Final_01.csproj", "{0987E100-14D8-4D6E-B9A7-0332929F45BB}"
EndProject
Project("{FAE04EC0-301F-11D3-BF4B-00C04F79EFBC}") = "Test_Final", "Test_Final\Test_Final.csproj", "{A81F8659-9FB9-42FD-B01A-AAC13C806035}"
EndProject
Project("{FAE04EC0-301F-11D3-BF4B-00C04F79EFBC}") = "Web_Final_01", "Web_Final_01\Web_Final_01.csproj", "{72B3A93D-6D75-473D-B930-BD34E5AB4648}"
EndProject
Global
	GlobalSection(SolutionConfigurationPlatforms) = preSolution
		Debug|Any CPU = Debug|Any CPU
		Release|Any CPU = Release|Any CPU
	EndGlobalSection
	GlobalSection(ProjectConfigurationPlatforms) = postSolution
		{0987E100-14D8-4D6E-B9A7-0332929F45BB}.Debug|Any CPU.ActiveCfg = Debug|Any CPU
		{0987E100-14D8-4D6E-B9A7-0332929F45BB}.Debug|Any CPU.Build.0 = Debug|Any CPU
		{0987E100-14D8-4D6E-B9A7-0332929F45BB}.Release|Any CPU.ActiveCfg = Release|Any CPU
		{0987E100-14D8-4D6E-B9A7-0332929F45BB}.Release|Any CPU.Build.0 = Release|Any CPU
		{A81F8659-9FB9-42FD-B01A-AAC13C806035}.Debug|Any CPU.ActiveCfg = Debug|Any CPU
		{A81F8659-9FB9-42FD-B01A-AAC13C806035}.Debug|Any CPU.Build.0 = Debug|Any CPU
		{A81F8659-9FB9-42FD-B01A-AAC13C806035}.Release|Any CPU.ActiveCfg = Release|Any CPU
		{A81F8659-9FB9-42FD-B01A-AAC13C806035}.Release|Any CPU.Build.0 = Release|Any CPU
		{72B3A93D-6D75-473D-B930-BD34E5AB4648}.Debug|Any CPU.ActiveCfg = Debug|Any CPU
		{72B3A93D-6D75-473D-B930-BD34E5AB4648}.Debug|Any CPU.Build.0 = Debug|Any CPU
		{72B3A93D-6D75-473D-B930-BD34E5AB4648}.Release|Any CPU.ActiveCfg = Release|Any CPU
		{72B3A93D-6D75-473D-B930-BD34E5AB4648}.Release|Any CPU.Build.0 = Release|Any CPU
	EndGlobalSection
	GlobalSection(SolutionProperties) = preSolution
		HideSolutionNode = FALSE
	EndGlobalSection
	GlobalSection(ExtensibilityGlobals) = postSolution
		SolutionGuid = {4C781086-49B2-4116-818E-7D40AB2D8DDE}
	EndGlobalSection
EndGlobal
